<?xml version="1.0" encoding="utf-8"?>
<Project ToolsVersion="4.0" xmlns="http://schemas.microsoft.com/developer/msbuild/2003">
  <ItemGroup>
    <Filter Include="Source Files">
      <UniqueIdentifier>{02be1990-a528-4ed0-a5b7-32ff6231c25f}</UniqueIdentifier>
    </Filter>
    <Filter Include="Generated Files">
      <UniqueIdentifier>{7540a5ee-2fc2-4a72-ba66-bd921d607d4c}</UniqueIdentifier>
      <SourceControlFiles>False</SourceControlFiles>
    </Filter>
  </ItemGroup>
  <ItemGroup>
    <None Include="htssapips.def" />
  </ItemGroup>
  <ItemGroup>
    <ClCompile Include="htssapi_i.c">
      <Filter>Generated Files</Filter>
    </ClCompile>
    <ClCompile Include="htssapi_p.c">
      <Filter>Generated Files</Filter>
    </ClCompile>
    <ClCompile Include="dlldata.c">
      <Filter>Generated Files</Filter>
    </ClCompile>
  </ItemGroup>
</Project>